
Microsoft Visual Studio Solution File, Format Version 12.00
# Visual Studio Version 17
VisualStudioVersion = 17.3.32819.101
MinimumVisualStudioVersion = 10.0.40219.1
Project("{2150E333-8FDC-42A3-9474-1A3956D46DE8}") = "clients", "clients", "{1D4C3541-F270-4C69-A1F3-2A9C8459027A}"
EndProject
Project("{2150E333-8FDC-42A3-9474-1A3956D46DE8}") = "server", "server", "{BEE977E9-C915-453B-93BA-8BAE066D62E2}"
EndProject
Project("{FAE04EC0-301F-11D3-BF4B-00C04F79EFBC}") = "MultApps.Client.Windows", "clients\MultApps.Client.Windows\MultApps.Client.Windows.csproj", "{08161158-6C47-4331-ABF1-1AB61AA9595F}"
EndProject
Project("{FAE04EC0-301F-11D3-BF4B-00C04F79EFBC}") = "MultApps.Server.Core", "server\MultApps.Server.Core\MultApps.Server.Core.csproj", "{54C183E8-D934-447C-9ED7-413CE76825B1}"
EndProject
Global
	GlobalSection(SolutionConfigurationPlatforms) = preSolution
		Debug|Any CPU = Debug|Any CPU
		Release|Any CPU = Release|Any CPU
	EndGlobalSection
	GlobalSection(ProjectConfigurationPlatforms) = postSolution
		{08161158-6C47-4331-ABF1-1AB61AA9595F}.Debug|Any CPU.ActiveCfg = Debug|Any CPU
		{08161158-6C47-4331-ABF1-1AB61AA9595F}.Debug|Any CPU.Build.0 = Debug|Any CPU
		{08161158-6C47-4331-ABF1-1AB61AA9595F}.Release|Any CPU.ActiveCfg = Release|Any CPU
		{08161158-6C47-4331-ABF1-1AB61AA9595F}.Release|Any CPU.Build.0 = Release|Any CPU
		{54C183E8-D934-447C-9ED7-413CE76825B1}.Debug|Any CPU.ActiveCfg = Debug|Any CPU
		{54C183E8-D934-447C-9ED7-413CE76825B1}.Debug|Any CPU.Build.0 = Debug|Any CPU
		{54C183E8-D934-447C-9ED7-413CE76825B1}.Release|Any CPU.ActiveCfg = Release|Any CPU
		{54C183E8-D934-447C-9ED7-413CE76825B1}.Release|Any CPU.Build.0 = Release|Any CPU
	EndGlobalSection
	GlobalSection(SolutionProperties) = preSolution
		HideSolutionNode = FALSE
	EndGlobalSection
	GlobalSection(NestedProjects) = preSolution
		{08161158-6C47-4331-ABF1-1AB61AA9595F} = {1D4C3541-F270-4C69-A1F3-2A9C8459027A}
		{54C183E8-D934-447C-9ED7-413CE76825B1} = {BEE977E9-C915-453B-93BA-8BAE066D62E2}
	EndGlobalSection
	GlobalSection(ExtensibilityGlobals) = postSolution
		SolutionGuid = {9B3B0619-A2CD-4D39-A272-F43A8B9A5A81}
	EndGlobalSection
EndGlobal
